
Microsoft Visual Studio Solution File, Format Version 12.00
# Visual Studio Version 16
VisualStudioVersion = 16.0.30406.217
MinimumVisualStudioVersion = 10.0.40219.1
Project("{9A19103F-16F7-4668-BE54-9A1E7A4F7556}") = "AbcTuneTool", "AbcTuneTool\AbcTuneTool.csproj", "{2E2883C3-3C5D-4A7F-A78C-941D13EA749D}"
EndProject
Project("{9A19103F-16F7-4668-BE54-9A1E7A4F7556}") = "AbcTuneToolTests", "AbcTuneToolTests\AbcTuneToolTests.csproj", "{5F4A1406-668D-4F73-B8AB-01F9343B99D9}"
EndProject
Project("{2150E333-8FDC-42A3-9474-1A3956D46DE8}") = "Solution Items", "Solution Items", "{1D372B8D-4571-4E1A-8FDD-E10F2FDD1A95}"
	ProjectSection(SolutionItems) = preProject
		.editorconfig = .editorconfig
		AbcTuneTool.sln.vsspell = AbcTuneTool.sln.vsspell
		Common.targets = Common.targets
	EndProjectSection
EndProject
Project("{9A19103F-16F7-4668-BE54-9A1E7A4F7556}") = "AbcTuneSampleApp", "AbcTuneSampleApp\AbcTuneSampleApp.csproj", "{538B71A4-A293-49D7-970F-E94781CA7513}"
EndProject
Project("{9A19103F-16F7-4668-BE54-9A1E7A4F7556}") = "AbcTuneToolWpf", "AbcTuneToolWpf\AbcTuneToolWpf.csproj", "{C84E5162-728F-4179-8D1A-BBD337DB4F83}"
EndProject
Global
	GlobalSection(SolutionConfigurationPlatforms) = preSolution
		Debug|Any CPU = Debug|Any CPU
		Release|Any CPU = Release|Any CPU
	EndGlobalSection
	GlobalSection(ProjectConfigurationPlatforms) = postSolution
		{2E2883C3-3C5D-4A7F-A78C-941D13EA749D}.Debug|Any CPU.ActiveCfg = Debug|Any CPU
		{2E2883C3-3C5D-4A7F-A78C-941D13EA749D}.Debug|Any CPU.Build.0 = Debug|Any CPU
		{2E2883C3-3C5D-4A7F-A78C-941D13EA749D}.Release|Any CPU.ActiveCfg = Release|Any CPU
		{2E2883C3-3C5D-4A7F-A78C-941D13EA749D}.Release|Any CPU.Build.0 = Release|Any CPU
		{5F4A1406-668D-4F73-B8AB-01F9343B99D9}.Debug|Any CPU.ActiveCfg = Debug|Any CPU
		{5F4A1406-668D-4F73-B8AB-01F9343B99D9}.Debug|Any CPU.Build.0 = Debug|Any CPU
		{5F4A1406-668D-4F73-B8AB-01F9343B99D9}.Release|Any CPU.ActiveCfg = Release|Any CPU
		{5F4A1406-668D-4F73-B8AB-01F9343B99D9}.Release|Any CPU.Build.0 = Release|Any CPU
		{538B71A4-A293-49D7-970F-E94781CA7513}.Debug|Any CPU.ActiveCfg = Debug|Any CPU
		{538B71A4-A293-49D7-970F-E94781CA7513}.Debug|Any CPU.Build.0 = Debug|Any CPU
		{538B71A4-A293-49D7-970F-E94781CA7513}.Release|Any CPU.ActiveCfg = Release|Any CPU
		{538B71A4-A293-49D7-970F-E94781CA7513}.Release|Any CPU.Build.0 = Release|Any CPU
		{C84E5162-728F-4179-8D1A-BBD337DB4F83}.Debug|Any CPU.ActiveCfg = Debug|Any CPU
		{C84E5162-728F-4179-8D1A-BBD337DB4F83}.Debug|Any CPU.Build.0 = Debug|Any CPU
		{C84E5162-728F-4179-8D1A-BBD337DB4F83}.Release|Any CPU.ActiveCfg = Release|Any CPU
		{C84E5162-728F-4179-8D1A-BBD337DB4F83}.Release|Any CPU.Build.0 = Release|Any CPU
	EndGlobalSection
	GlobalSection(SolutionProperties) = preSolution
		HideSolutionNode = FALSE
	EndGlobalSection
	GlobalSection(ExtensibilityGlobals) = postSolution
		SolutionGuid = {713B3460-8075-4055-8364-B0739C5281D3}
	EndGlobalSection
EndGlobal
